
Microsoft Visual Studio Solution File, Format Version 12.00
# Visual Studio Version 17
VisualStudioVersion = 17.1.32328.378
MinimumVisualStudioVersion = 10.0.40219.1
Project("{FAE04EC0-301F-11D3-BF4B-00C04F79EFBC}") = "451_1", "451_1.csproj", "{76FC70AE-08DF-494C-916D-2E36B013167F}"
EndProject
Global
	GlobalSection(SolutionConfigurationPlatforms) = preSolution
		Debug|Any CPU = Debug|Any CPU
		Release|Any CPU = Release|Any CPU
	EndGlobalSection
	GlobalSection(ProjectConfigurationPlatforms) = postSolution
		{76FC70AE-08DF-494C-916D-2E36B013167F}.Debug|Any CPU.ActiveCfg = Debug|Any CPU
		{76FC70AE-08DF-494C-916D-2E36B013167F}.Debug|Any CPU.Build.0 = Debug|Any CPU
		{76FC70AE-08DF-494C-916D-2E36B013167F}.Release|Any CPU.ActiveCfg = Release|Any CPU
		{76FC70AE-08DF-494C-916D-2E36B013167F}.Release|Any CPU.Build.0 = Release|Any CPU
	EndGlobalSection
	GlobalSection(SolutionProperties) = preSolution
		HideSolutionNode = FALSE
	EndGlobalSection
	GlobalSection(ExtensibilityGlobals) = postSolution
		SolutionGuid = {7F15EA1B-52F5-49BA-976E-4A04881429F5}
	EndGlobalSection
EndGlobal
